
Microsoft Visual Studio Solution File, Format Version 12.00
# Visual Studio Version 17
VisualStudioVersion = 17.5.33516.290
MinimumVisualStudioVersion = 10.0.40219.1
Project("{FAE04EC0-301F-11D3-BF4B-00C04F79EFBC}") = "BodeGUI1", "BodeGUI1\BodeGUI1.csproj", "{467BFBE9-8F6E-4167-9D91-AB830A3B3FDB}"
EndProject
Global
	GlobalSection(SolutionConfigurationPlatforms) = preSolution
		Debug|Any CPU = Debug|Any CPU
		Release|Any CPU = Release|Any CPU
	EndGlobalSection
	GlobalSection(ProjectConfigurationPlatforms) = postSolution
		{467BFBE9-8F6E-4167-9D91-AB830A3B3FDB}.Debug|Any CPU.ActiveCfg = Debug|Any CPU
		{467BFBE9-8F6E-4167-9D91-AB830A3B3FDB}.Debug|Any CPU.Build.0 = Debug|Any CPU
		{467BFBE9-8F6E-4167-9D91-AB830A3B3FDB}.Release|Any CPU.ActiveCfg = Release|Any CPU
		{467BFBE9-8F6E-4167-9D91-AB830A3B3FDB}.Release|Any CPU.Build.0 = Release|Any CPU
	EndGlobalSection
	GlobalSection(SolutionProperties) = preSolution
		HideSolutionNode = FALSE
	EndGlobalSection
	GlobalSection(ExtensibilityGlobals) = postSolution
		SolutionGuid = {B6B39A3A-DAA3-4680-8700-D7610306B503}
	EndGlobalSection
EndGlobal
